
Microsoft Visual Studio Solution File, Format Version 12.00
# Visual Studio Version 17
VisualStudioVersion = 17.14.36908.2 d17.14
MinimumVisualStudioVersion = 10.0.40219.1
Project("{F184B08F-C81C-45F6-A57F-5ABD9991F28F}") = "DataTableGenerator", "DataTableGenerator\DataTableGenerator.vbproj", "{1C32229D-62C4-44E9-AAE1-E7B082379A87}"
EndProject
Project("{F184B08F-C81C-45F6-A57F-5ABD9991F28F}") = "CodeGenTool", "CodeGenTool\CodeGenTool.vbproj", "{FAF336B8-E84D-41ED-A8E8-FD175E63CDFF}"
EndProject
Project("{F184B08F-C81C-45F6-A57F-5ABD9991F28F}") = "DTO_DataTable", "DTO_DataTable\DTO_DataTable.vbproj", "{5D12BC32-8E2D-4493-82CD-49535D275184}"
EndProject
Global
	GlobalSection(SolutionConfigurationPlatforms) = preSolution
		Debug|Any CPU = Debug|Any CPU
		Release|Any CPU = Release|Any CPU
	EndGlobalSection
	GlobalSection(ProjectConfigurationPlatforms) = postSolution
		{1C32229D-62C4-44E9-AAE1-E7B082379A87}.Debug|Any CPU.ActiveCfg = Debug|Any CPU
		{1C32229D-62C4-44E9-AAE1-E7B082379A87}.Debug|Any CPU.Build.0 = Debug|Any CPU
		{1C32229D-62C4-44E9-AAE1-E7B082379A87}.Release|Any CPU.ActiveCfg = Release|Any CPU
		{1C32229D-62C4-44E9-AAE1-E7B082379A87}.Release|Any CPU.Build.0 = Release|Any CPU
		{FAF336B8-E84D-41ED-A8E8-FD175E63CDFF}.Debug|Any CPU.ActiveCfg = Debug|Any CPU
		{FAF336B8-E84D-41ED-A8E8-FD175E63CDFF}.Debug|Any CPU.Build.0 = Debug|Any CPU
		{FAF336B8-E84D-41ED-A8E8-FD175E63CDFF}.Release|Any CPU.ActiveCfg = Release|Any CPU
		{FAF336B8-E84D-41ED-A8E8-FD175E63CDFF}.Release|Any CPU.Build.0 = Release|Any CPU
		{5D12BC32-8E2D-4493-82CD-49535D275184}.Debug|Any CPU.ActiveCfg = Debug|Any CPU
		{5D12BC32-8E2D-4493-82CD-49535D275184}.Debug|Any CPU.Build.0 = Debug|Any CPU
		{5D12BC32-8E2D-4493-82CD-49535D275184}.Release|Any CPU.ActiveCfg = Release|Any CPU
		{5D12BC32-8E2D-4493-82CD-49535D275184}.Release|Any CPU.Build.0 = Release|Any CPU
	EndGlobalSection
	GlobalSection(SolutionProperties) = preSolution
		HideSolutionNode = FALSE
	EndGlobalSection
	GlobalSection(ExtensibilityGlobals) = postSolution
		SolutionGuid = {844A66BF-191D-4FAC-B150-A547EC248DFB}
	EndGlobalSection
EndGlobal
