
Microsoft Visual Studio Solution File, Format Version 12.00
# Visual Studio Version 17
VisualStudioVersion = 17.14.36908.2 d17.14
MinimumVisualStudioVersion = 10.0.40219.1
Project("{F184B08F-C81C-45F6-A57F-5ABD9991F28F}") = "PunchCheck", "PunchCheck.vbproj", "{4F50D17C-D736-49F6-9B10-FBECD72A5DF6}"
EndProject
Global
	GlobalSection(SolutionConfigurationPlatforms) = preSolution
		Debug|Any CPU = Debug|Any CPU
		Release|Any CPU = Release|Any CPU
	EndGlobalSection
	GlobalSection(ProjectConfigurationPlatforms) = postSolution
		{4F50D17C-D736-49F6-9B10-FBECD72A5DF6}.Debug|Any CPU.ActiveCfg = Debug|Any CPU
		{4F50D17C-D736-49F6-9B10-FBECD72A5DF6}.Debug|Any CPU.Build.0 = Debug|Any CPU
		{4F50D17C-D736-49F6-9B10-FBECD72A5DF6}.Release|Any CPU.ActiveCfg = Release|Any CPU
		{4F50D17C-D736-49F6-9B10-FBECD72A5DF6}.Release|Any CPU.Build.0 = Release|Any CPU
	EndGlobalSection
	GlobalSection(SolutionProperties) = preSolution
		HideSolutionNode = FALSE
	EndGlobalSection
	GlobalSection(ExtensibilityGlobals) = postSolution
		SolutionGuid = {5ABF1441-4017-41FC-9B5A-E8FCB6F95A4F}
	EndGlobalSection
EndGlobal
